
Microsoft Visual Studio Solution File, Format Version 12.00
# Visual Studio Version 17
VisualStudioVersion = 17.0.32126.317
MinimumVisualStudioVersion = 10.0.40219.1
Project("{FAE04EC0-301F-11D3-BF4B-00C04F79EFBC}") = "RadialLauncher", "RadialLauncher\RadialLauncher.csproj", "{8862F817-7E0E-43D3-BB23-A8B147EE01FB}"
EndProject
Global
	GlobalSection(SolutionConfigurationPlatforms) = preSolution
		Debug|Any CPU = Debug|Any CPU
		Release|Any CPU = Release|Any CPU
	EndGlobalSection
	GlobalSection(ProjectConfigurationPlatforms) = postSolution
		{8862F817-7E0E-43D3-BB23-A8B147EE01FB}.Debug|Any CPU.ActiveCfg = Debug|Any CPU
		{8862F817-7E0E-43D3-BB23-A8B147EE01FB}.Debug|Any CPU.Build.0 = Debug|Any CPU
		{8862F817-7E0E-43D3-BB23-A8B147EE01FB}.Release|Any CPU.ActiveCfg = Release|Any CPU
		{8862F817-7E0E-43D3-BB23-A8B147EE01FB}.Release|Any CPU.Build.0 = Release|Any CPU
	EndGlobalSection
	GlobalSection(SolutionProperties) = preSolution
		HideSolutionNode = FALSE
	EndGlobalSection
	GlobalSection(ExtensibilityGlobals) = postSolution
		SolutionGuid = {CFDF74F7-807A-4871-9581-A75CB77DECD6}
	EndGlobalSection
EndGlobal
